
Microsoft Visual Studio Solution File, Format Version 12.00
# Visual Studio Version 17
VisualStudioVersion = 17.8.34511.84
MinimumVisualStudioVersion = 10.0.40219.1
Project("{FAE04EC0-301F-11D3-BF4B-00C04F79EFBC}") = "PrimeiroEFMVC", "PrimeiroEFMVC\PrimeiroEFMVC.csproj", "{963D62AD-3609-4A47-9828-07555D679C87}"
EndProject
Global
	GlobalSection(SolutionConfigurationPlatforms) = preSolution
		Debug|Any CPU = Debug|Any CPU
		Release|Any CPU = Release|Any CPU
	EndGlobalSection
	GlobalSection(ProjectConfigurationPlatforms) = postSolution
		{963D62AD-3609-4A47-9828-07555D679C87}.Debug|Any CPU.ActiveCfg = Debug|Any CPU
		{963D62AD-3609-4A47-9828-07555D679C87}.Debug|Any CPU.Build.0 = Debug|Any CPU
		{963D62AD-3609-4A47-9828-07555D679C87}.Release|Any CPU.ActiveCfg = Release|Any CPU
		{963D62AD-3609-4A47-9828-07555D679C87}.Release|Any CPU.Build.0 = Release|Any CPU
	EndGlobalSection
	GlobalSection(SolutionProperties) = preSolution
		HideSolutionNode = FALSE
	EndGlobalSection
	GlobalSection(ExtensibilityGlobals) = postSolution
		SolutionGuid = {C5E4D204-F007-4511-A770-CE4A08CA34C3}
	EndGlobalSection
EndGlobal
